Microsoft Visual Studio Solution File, Format Version 11.00
# Visual Studio 2008

Project("{297161D5-3FB5-A54C-307E-6DEA42D71378}") = "4-23-12_Build", "Assembly-CSharp-firstpass-vs.csproj", "{CD46E2D9-D6AE-82A5-8AA2-0378ECF41EFB}"
EndProject
Project("{297161D5-3FB5-A54C-307E-6DEA42D71378}") = "4-23-12_Build", "Assembly-CSharp-vs.csproj", "{F550E603-ECE1-DFB8-5B3C-1458BBCCC03D}"
EndProject
Global
	GlobalSection(SolutionConfigurationPlatforms) = preSolution
		Debug|Any CPU = Debug|Any CPU
		Release|Any CPU = Release|Any CPU
	EndGlobalSection
	GlobalSection(ProjectConfigurationPlatforms) = postSolution
		{CD46E2D9-D6AE-82A5-8AA2-0378ECF41EFB}.Debug|Any CPU.ActiveCfg = Debug|Any CPU
		{CD46E2D9-D6AE-82A5-8AA2-0378ECF41EFB}.Debug|Any CPU.Build.0 = Debug|Any CPU
		{CD46E2D9-D6AE-82A5-8AA2-0378ECF41EFB}.Release|Any CPU.ActiveCfg = Release|Any CPU
		{CD46E2D9-D6AE-82A5-8AA2-0378ECF41EFB}.Release|Any CPU.Build.0 = Release|Any CPU
		{F550E603-ECE1-DFB8-5B3C-1458BBCCC03D}.Debug|Any CPU.ActiveCfg = Debug|Any CPU
		{F550E603-ECE1-DFB8-5B3C-1458BBCCC03D}.Debug|Any CPU.Build.0 = Debug|Any CPU
		{F550E603-ECE1-DFB8-5B3C-1458BBCCC03D}.Release|Any CPU.ActiveCfg = Release|Any CPU
		{F550E603-ECE1-DFB8-5B3C-1458BBCCC03D}.Release|Any CPU.Build.0 = Release|Any CPU
	EndGlobalSection
	GlobalSection(SolutionProperties) = preSolution
		HideSolutionNode = FALSE
	EndGlobalSection
									GlobalSection(MonoDevelopProperties) = preSolution
		StartupItem = Assembly-CSharp.csproj
		Policies = $0
		$0.TextStylePolicy = $1
		$1.inheritsSet = null
		$1.scope = text/x-csharp
		$0.CSharpFormattingPolicy = $2
		$2.inheritsSet = Mono
		$2.inheritsScope = text/x-csharp
		$2.scope = text/x-csharp
		$0.TextStylePolicy = $3
		$3.FileWidth = 120
		$3.TabWidth = 4
		$3.EolMarker = Unix
		$3.inheritsSet = Mono
		$3.inheritsScope = text/plain
		$3.scope = text/plain
	EndGlobalSection

EndGlobal
