Microsoft Visual Studio Solution File, Format Version 11.00
# Visual Studio 2008

Project("{0F3FA78A-52CB-0E5E-6ACF-E04054A5911E}") = "5-15-12_Build", "Assembly-CSharp-firstpass-vs.csproj", "{89566361-E8AA-DFF7-E7D4-8F064ED90A97}"
EndProject
Project("{0F3FA78A-52CB-0E5E-6ACF-E04054A5911E}") = "5-15-12_Build", "Assembly-CSharp-vs.csproj", "{3BAC313C-CFAC-B771-58DE-D7C115D0F6D1}"
EndProject
Global
	GlobalSection(SolutionConfigurationPlatforms) = preSolution
		Debug|Any CPU = Debug|Any CPU
		Release|Any CPU = Release|Any CPU
	EndGlobalSection
	GlobalSection(ProjectConfigurationPlatforms) = postSolution
		{89566361-E8AA-DFF7-E7D4-8F064ED90A97}.Debug|Any CPU.ActiveCfg = Debug|Any CPU
		{89566361-E8AA-DFF7-E7D4-8F064ED90A97}.Debug|Any CPU.Build.0 = Debug|Any CPU
		{89566361-E8AA-DFF7-E7D4-8F064ED90A97}.Release|Any CPU.ActiveCfg = Release|Any CPU
		{89566361-E8AA-DFF7-E7D4-8F064ED90A97}.Release|Any CPU.Build.0 = Release|Any CPU
		{3BAC313C-CFAC-B771-58DE-D7C115D0F6D1}.Debug|Any CPU.ActiveCfg = Debug|Any CPU
		{3BAC313C-CFAC-B771-58DE-D7C115D0F6D1}.Debug|Any CPU.Build.0 = Debug|Any CPU
		{3BAC313C-CFAC-B771-58DE-D7C115D0F6D1}.Release|Any CPU.ActiveCfg = Release|Any CPU
		{3BAC313C-CFAC-B771-58DE-D7C115D0F6D1}.Release|Any CPU.Build.0 = Release|Any CPU
	EndGlobalSection
	GlobalSection(SolutionProperties) = preSolution
		HideSolutionNode = FALSE
	EndGlobalSection
								GlobalSection(MonoDevelopProperties) = preSolution
		StartupItem = Assembly-CSharp.csproj
		Policies = $0
		$0.TextStylePolicy = $1
		$1.inheritsSet = null
		$1.scope = text/x-csharp
		$0.CSharpFormattingPolicy = $2
		$2.inheritsSet = Mono
		$2.inheritsScope = text/x-csharp
		$2.scope = text/x-csharp
		$0.TextStylePolicy = $3
		$3.FileWidth = 120
		$3.TabWidth = 4
		$3.EolMarker = Unix
		$3.inheritsSet = Mono
		$3.inheritsScope = text/plain
		$3.scope = text/plain
	EndGlobalSection

EndGlobal
