Microsoft Visual Studio Solution File, Format Version 11.00
# Visual Studio 2008

Project("{C8BB72E4-67E3-44F7-3F1E-D6596ECCB93F}") = "5-30_12_Build", "Assembly-CSharp-firstpass.csproj", "{1469F3CD-5BD4-E5B5-DD89-7B950EDE1216}"
EndProject
Project("{C8BB72E4-67E3-44F7-3F1E-D6596ECCB93F}") = "5-30_12_Build", "Assembly-CSharp.csproj", "{A5655D55-787A-53FB-7FDB-88C313B04449}"
EndProject
Project("{C8BB72E4-67E3-44F7-3F1E-D6596ECCB93F}") = "5-30_12_Build", "Assembly-UnityScript.unityproj", "{426CB675-8FD3-D8A7-B553-3A27DD1794BA}"
EndProject
Global
	GlobalSection(SolutionConfigurationPlatforms) = preSolution
		Debug|Any CPU = Debug|Any CPU
		Release|Any CPU = Release|Any CPU
	EndGlobalSection
	GlobalSection(ProjectConfigurationPlatforms) = postSolution
		{1469F3CD-5BD4-E5B5-DD89-7B950EDE1216}.Debug|Any CPU.ActiveCfg = Debug|Any CPU
		{1469F3CD-5BD4-E5B5-DD89-7B950EDE1216}.Debug|Any CPU.Build.0 = Debug|Any CPU
		{1469F3CD-5BD4-E5B5-DD89-7B950EDE1216}.Release|Any CPU.ActiveCfg = Release|Any CPU
		{1469F3CD-5BD4-E5B5-DD89-7B950EDE1216}.Release|Any CPU.Build.0 = Release|Any CPU
		{A5655D55-787A-53FB-7FDB-88C313B04449}.Debug|Any CPU.ActiveCfg = Debug|Any CPU
		{A5655D55-787A-53FB-7FDB-88C313B04449}.Debug|Any CPU.Build.0 = Debug|Any CPU
		{A5655D55-787A-53FB-7FDB-88C313B04449}.Release|Any CPU.ActiveCfg = Release|Any CPU
		{A5655D55-787A-53FB-7FDB-88C313B04449}.Release|Any CPU.Build.0 = Release|Any CPU
		{426CB675-8FD3-D8A7-B553-3A27DD1794BA}.Debug|Any CPU.ActiveCfg = Debug|Any CPU
		{426CB675-8FD3-D8A7-B553-3A27DD1794BA}.Debug|Any CPU.Build.0 = Debug|Any CPU
		{426CB675-8FD3-D8A7-B553-3A27DD1794BA}.Release|Any CPU.ActiveCfg = Release|Any CPU
		{426CB675-8FD3-D8A7-B553-3A27DD1794BA}.Release|Any CPU.Build.0 = Release|Any CPU
	EndGlobalSection
	GlobalSection(SolutionProperties) = preSolution
		HideSolutionNode = FALSE
	EndGlobalSection
						GlobalSection(MonoDevelopProperties) = preSolution
		StartupItem = Assembly-CSharp.csproj
		Policies = $0
		$0.TextStylePolicy = $1
		$1.inheritsSet = null
		$1.scope = text/x-csharp
		$0.CSharpFormattingPolicy = $2
		$2.inheritsSet = Mono
		$2.inheritsScope = text/x-csharp
		$2.scope = text/x-csharp
		$0.TextStylePolicy = $3
		$3.FileWidth = 120
		$3.TabWidth = 4
		$3.EolMarker = Unix
		$3.inheritsSet = Mono
		$3.inheritsScope = text/plain
		$3.scope = text/plain
	EndGlobalSection

EndGlobal
