Microsoft Visual Studio Solution File, Format Version 11.00
# Visual Studio 2008

Project("{419B73B1-5ED8-8ADD-D7E9-B648293CE042}") = "ProxyProject", "Assembly-CSharp-firstpass-vs.csproj", "{A735FA26-841B-E060-C5E0-79B414881050}"
EndProject
Project("{419B73B1-5ED8-8ADD-D7E9-B648293CE042}") = "ProxyProject", "Assembly-CSharp-vs.csproj", "{9DC4AD37-8E50-08EC-C3BA-A37CE08AC5F6}"
EndProject
Global
	GlobalSection(SolutionConfigurationPlatforms) = preSolution
		Debug|Any CPU = Debug|Any CPU
		Release|Any CPU = Release|Any CPU
	EndGlobalSection
	GlobalSection(ProjectConfigurationPlatforms) = postSolution
		{A735FA26-841B-E060-C5E0-79B414881050}.Debug|Any CPU.ActiveCfg = Debug|Any CPU
		{A735FA26-841B-E060-C5E0-79B414881050}.Debug|Any CPU.Build.0 = Debug|Any CPU
		{A735FA26-841B-E060-C5E0-79B414881050}.Release|Any CPU.ActiveCfg = Release|Any CPU
		{A735FA26-841B-E060-C5E0-79B414881050}.Release|Any CPU.Build.0 = Release|Any CPU
		{9DC4AD37-8E50-08EC-C3BA-A37CE08AC5F6}.Debug|Any CPU.ActiveCfg = Debug|Any CPU
		{9DC4AD37-8E50-08EC-C3BA-A37CE08AC5F6}.Debug|Any CPU.Build.0 = Debug|Any CPU
		{9DC4AD37-8E50-08EC-C3BA-A37CE08AC5F6}.Release|Any CPU.ActiveCfg = Release|Any CPU
		{9DC4AD37-8E50-08EC-C3BA-A37CE08AC5F6}.Release|Any CPU.Build.0 = Release|Any CPU
	EndGlobalSection
	GlobalSection(SolutionProperties) = preSolution
		HideSolutionNode = FALSE
	EndGlobalSection
											GlobalSection(MonoDevelopProperties) = preSolution
		StartupItem = Assembly-CSharp.csproj
		Policies = $0
		$0.TextStylePolicy = $1
		$1.inheritsSet = null
		$1.scope = text/x-csharp
		$0.CSharpFormattingPolicy = $2
		$2.inheritsSet = Mono
		$2.inheritsScope = text/x-csharp
		$2.scope = text/x-csharp
		$0.TextStylePolicy = $3
		$3.FileWidth = 120
		$3.TabWidth = 4
		$3.EolMarker = Unix
		$3.inheritsSet = Mono
		$3.inheritsScope = text/plain
		$3.scope = text/plain
	EndGlobalSection

EndGlobal
